
Microsoft Visual Studio Solution File, Format Version 12.00
# Visual Studio Version 17
VisualStudioVersion = 17.4.33213.308
MinimumVisualStudioVersion = 10.0.40219.1
Project("{8BC9CEB8-8B4A-11D0-8D11-00A0C91BC942}") = "Entropy", "Entropy\Entropy.vcxproj", "{BD6BA28B-0D1C-4F4E-A837-886AA00A727D}"
EndProject
Project("{8BC9CEB8-8B4A-11D0-8D11-00A0C91BC942}") = "RayGUI_Widgets", "RayGUI_Widgets\RayGUI_Widgets.vcxproj", "{5410FC57-321E-43D5-837C-7A47033041B8}"
EndProject
Project("{8BC9CEB8-8B4A-11D0-8D11-00A0C91BC942}") = "RaylibStarterCPP", "RaylibStarterCPP\RaylibStarterCPP.vcxproj", "{66F97E22-5E02-4257-B75C-DA71B7A17BFF}"
EndProject
Project("{D954291E-2A0B-460D-934E-DC6B0785DB48}") = "Raylib", "Raylib\Bindings\Raylib.shproj", "{F660FF67-D70E-4AE0-9080-D922243E9B6E}"
EndProject
Project("{8BC9CEB8-8B4A-11D0-8D11-00A0C91BC942}") = "Math", "Math\Math.vcxproj", "{CD63034A-018C-43A8-B40B-E67429E154A5}"
EndProject
Global
	GlobalSection(SolutionConfigurationPlatforms) = preSolution
		Debug|x64 = Debug|x64
		Debug|x86 = Debug|x86
		Release|x64 = Release|x64
		Release|x86 = Release|x86
	EndGlobalSection
	GlobalSection(ProjectConfigurationPlatforms) = postSolution
		{BD6BA28B-0D1C-4F4E-A837-886AA00A727D}.Debug|x64.ActiveCfg = Debug|x64
		{BD6BA28B-0D1C-4F4E-A837-886AA00A727D}.Debug|x64.Build.0 = Debug|x64
		{BD6BA28B-0D1C-4F4E-A837-886AA00A727D}.Debug|x86.ActiveCfg = Debug|Win32
		{BD6BA28B-0D1C-4F4E-A837-886AA00A727D}.Debug|x86.Build.0 = Debug|Win32
		{BD6BA28B-0D1C-4F4E-A837-886AA00A727D}.Release|x64.ActiveCfg = Release|x64
		{BD6BA28B-0D1C-4F4E-A837-886AA00A727D}.Release|x64.Build.0 = Release|x64
		{BD6BA28B-0D1C-4F4E-A837-886AA00A727D}.Release|x86.ActiveCfg = Release|Win32
		{BD6BA28B-0D1C-4F4E-A837-886AA00A727D}.Release|x86.Build.0 = Release|Win32
		{5410FC57-321E-43D5-837C-7A47033041B8}.Debug|x64.ActiveCfg = Debug|x64
		{5410FC57-321E-43D5-837C-7A47033041B8}.Debug|x64.Build.0 = Debug|x64
		{5410FC57-321E-43D5-837C-7A47033041B8}.Debug|x86.ActiveCfg = Debug|Win32
		{5410FC57-321E-43D5-837C-7A47033041B8}.Debug|x86.Build.0 = Debug|Win32
		{5410FC57-321E-43D5-837C-7A47033041B8}.Release|x64.ActiveCfg = Release|x64
		{5410FC57-321E-43D5-837C-7A47033041B8}.Release|x64.Build.0 = Release|x64
		{5410FC57-321E-43D5-837C-7A47033041B8}.Release|x86.ActiveCfg = Release|Win32
		{5410FC57-321E-43D5-837C-7A47033041B8}.Release|x86.Build.0 = Release|Win32
		{66F97E22-5E02-4257-B75C-DA71B7A17BFF}.Debug|x64.ActiveCfg = Debug|x64
		{66F97E22-5E02-4257-B75C-DA71B7A17BFF}.Debug|x64.Build.0 = Debug|x64
		{66F97E22-5E02-4257-B75C-DA71B7A17BFF}.Debug|x86.ActiveCfg = Debug|Win32
		{66F97E22-5E02-4257-B75C-DA71B7A17BFF}.Debug|x86.Build.0 = Debug|Win32
		{66F97E22-5E02-4257-B75C-DA71B7A17BFF}.Release|x64.ActiveCfg = Release|x64
		{66F97E22-5E02-4257-B75C-DA71B7A17BFF}.Release|x64.Build.0 = Release|x64
		{66F97E22-5E02-4257-B75C-DA71B7A17BFF}.Release|x86.ActiveCfg = Release|Win32
		{66F97E22-5E02-4257-B75C-DA71B7A17BFF}.Release|x86.Build.0 = Release|Win32
		{CD63034A-018C-43A8-B40B-E67429E154A5}.Debug|x64.ActiveCfg = Debug|x64
		{CD63034A-018C-43A8-B40B-E67429E154A5}.Debug|x64.Build.0 = Debug|x64
		{CD63034A-018C-43A8-B40B-E67429E154A5}.Debug|x86.ActiveCfg = Debug|Win32
		{CD63034A-018C-43A8-B40B-E67429E154A5}.Debug|x86.Build.0 = Debug|Win32
		{CD63034A-018C-43A8-B40B-E67429E154A5}.Release|x64.ActiveCfg = Release|x64
		{CD63034A-018C-43A8-B40B-E67429E154A5}.Release|x64.Build.0 = Release|x64
		{CD63034A-018C-43A8-B40B-E67429E154A5}.Release|x86.ActiveCfg = Release|Win32
		{CD63034A-018C-43A8-B40B-E67429E154A5}.Release|x86.Build.0 = Release|Win32
	EndGlobalSection
	GlobalSection(SolutionProperties) = preSolution
		HideSolutionNode = FALSE
	EndGlobalSection
	GlobalSection(ExtensibilityGlobals) = postSolution
		SolutionGuid = {F8166D52-9424-4957-8670-FCEED0FEBAAB}
	EndGlobalSection
	GlobalSection(SharedMSBuildProjectFiles) = preSolution
		Raylib\Bindings\Raylib.projitems*{f660ff67-d70e-4ae0-9080-d922243e9b6e}*SharedItemsImports = 13
	EndGlobalSection
EndGlobal
